# This file is @generated by PDM.
# It is not intended for manual editing.

[[package]]
name = "asgiref"
version = "3.7.2"
requires_python = ">=3.7"
summary = "ASGI specs, helper code, and adapters"

[[package]]
name = "django"
version = "4.2.3"
requires_python = ">=3.8"
summary = "A high-level Python web framework that encourages rapid development and clean, pragmatic design."
dependencies = [
    "asgiref<4,>=3.6.0",
    "sqlparse>=0.3.1",
    "tzdata; sys_platform == \"win32\"",
]

[[package]]
name = "django-ninja"
version = "0.22.2"
requires_python = ">=3.7"
summary = "Django Ninja - Fast Django REST framework"
dependencies = [
    "Django>=2.2",
    "pydantic<2.0.0,>=1.6",
]

[[package]]
name = "pydantic"
version = "1.10.11"
requires_python = ">=3.7"
summary = "Data validation and settings management using python type hints"
dependencies = [
    "typing-extensions>=4.2.0",
]

[[package]]
name = "sqlparse"
version = "0.4.4"
requires_python = ">=3.5"
summary = "A non-validating SQL parser."

[[package]]
name = "typing-extensions"
version = "4.7.1"
requires_python = ">=3.7"
summary = "Backported and Experimental Type Hints for Python 3.7+"

[[package]]
name = "tzdata"
version = "2023.3"
requires_python = ">=2"
summary = "Provider of IANA time zone data"

[metadata]
lock_version = "4.2"
cross_platform = true
groups = ["default"]
content_hash = "sha256:67b0ab99155281fd298e615e80b7e7546f9c5419ef222b8a6e0fa9e8b7f191b7"

[metadata.files]
"asgiref 3.7.2" = [
    {url = "https://files.pythonhosted.org/packages/12/19/64e38c1c2cbf0da9635b7082bbdf0e89052e93329279f59759c24a10cc96/asgiref-3.7.2.tar.gz", hash = "sha256:9e0ce3aa93a819ba5b45120216b23878cf6e8525eb3848653452b4192b92afed"},
    {url = "https://files.pythonhosted.org/packages/9b/80/b9051a4a07ad231558fcd8ffc89232711b4e618c15cb7a392a17384bbeef/asgiref-3.7.2-py3-none-any.whl", hash = "sha256:89b2ef2247e3b562a16eef663bc0e2e703ec6468e2fa8a5cd61cd449786d4f6e"},
]
"django 4.2.3" = [
    {url = "https://files.pythonhosted.org/packages/36/24/d0e78e667f98efcca76c8b670ef247583349a8f5241cdb3c98eeb92726ff/Django-4.2.3.tar.gz", hash = "sha256:45a747e1c5b3d6df1b141b1481e193b033fd1fdbda3ff52677dc81afdaacbaed"},
    {url = "https://files.pythonhosted.org/packages/d4/83/227ebf197e413f3599cea96dddc7d6b8ff220310cc5b40dd0f1a15e5a9d1/Django-4.2.3-py3-none-any.whl", hash = "sha256:f7c7852a5ac5a3da5a8d5b35cc6168f31b605971441798dac845f17ca8028039"},
]
"django-ninja 0.22.2" = [
    {url = "https://files.pythonhosted.org/packages/7c/8d/83bddc25896585c4de7a6640372ea35bb9b1ce9c9e6260a1ce8ad622dfb4/django_ninja-0.22.2-py3-none-any.whl", hash = "sha256:c53b098a8190f373ea2605c276a6061d48b2626500a9c6b9916c503e4b4a20eb"},
    {url = "https://files.pythonhosted.org/packages/81/04/6c4213ad7de43806522ffc69760f4e23ec4a170d01a761c7863f6fbb7233/django_ninja-0.22.2.tar.gz", hash = "sha256:913ebde7571d6a6968c9ac0b9e8a24680c46444d44fdd552f8831dbeede1292c"},
]
"pydantic 1.10.11" = [
    {url = "https://files.pythonhosted.org/packages/04/70/8314870d16db3984417dc74404eb6518a8ae6324960da56505047accf6c3/pydantic-1.10.11-cp39-cp39-macosx_11_0_arm64.whl", hash = "sha256:e6cbfbd010b14c8a905a7b10f9fe090068d1744d46f9e0c021db28daeb8b6de1"},
    {url = "https://files.pythonhosted.org/packages/05/2c/09a35e6c16e206c80906ce93c0dd1e86d8b9738ea05eb82fe38c8f0cfab1/pydantic-1.10.11-cp310-cp310-win_amd64.whl", hash = "sha256:c3339a46bbe6013ef7bdd2844679bfe500347ac5742cd4019a88312aa58a9847"},
    {url = "https://files.pythonhosted.org/packages/11/54/a010e20824e6bfe04902830f92923997e8000d64d14099999edee9076924/pydantic-1.10.11-cp38-cp38-musllinux_1_1_x86_64.whl", hash = "sha256:41e0bb6efe86281623abbeeb0be64eab740c865388ee934cd3e6a358784aca6e"},
    {url = "https://files.pythonhosted.org/packages/22/aa/24ef442d21b1ddafb52fae1e50ebe76cfaf36cb0c58a046fa6eb1d87310d/pydantic-1.10.11-cp39-cp39-macosx_10_9_x86_64.whl", hash = "sha256:469adf96c8e2c2bbfa655fc7735a2a82f4c543d9fee97bd113a7fb509bf5e622"},
    {url = "https://files.pythonhosted.org/packages/3c/c0/57fb46d928d8f76736d99d1d2a3c00483e0f4029cfac6cd57584a3f7379b/pydantic-1.10.11-cp38-cp38-macosx_10_9_x86_64.whl", hash = "sha256:bc64eab9b19cd794a380179ac0e6752335e9555d214cfcb755820333c0784cb3"},
    {url = "https://files.pythonhosted.org/packages/45/7f/ba7118bbc361bbf10e51f3b90a2072c26c29a20491ab7a31b30ee499e8ab/pydantic-1.10.11-cp38-cp38-musllinux_1_1_i686.whl", hash = "sha256:ef55392ec4bb5721f4ded1096241e4b7151ba6d50a50a80a2526c854f42e6a2f"},
    {url = "https://files.pythonhosted.org/packages/46/44/2390ef51d3fc48b4abb7d8928feaa9d43ff66df2c278476862c7754775d4/pydantic-1.10.11-cp37-cp37m-win_amd64.whl", hash = "sha256:7522a7666157aa22b812ce14c827574ddccc94f361237ca6ea8bb0d5c38f1629"},
    {url = "https://files.pythonhosted.org/packages/4a/48/9dd66a938b0c5bb439ade89f3aac37a580736a8acf2da2c3e14ecdcd34f0/pydantic-1.10.11-cp311-cp311-musllinux_1_1_i686.whl", hash = "sha256:e297897eb4bebde985f72a46a7552a7556a3dd11e7f76acda0c1093e3dbcf216"},
    {url = "https://files.pythonhosted.org/packages/4c/4a/3865d5293f04cff244bfcaeb1b14b651ca3bed8ba7dd61cf74d9127a77e9/pydantic-1.10.11-cp310-cp310-musllinux_1_1_x86_64.whl", hash = "sha256:373c0840f5c2b5b1ccadd9286782852b901055998136287828731868027a724f"},
    {url = "https://files.pythonhosted.org/packages/4e/d7/04c964cda3b5e2c05d40d89fffa4449512c757476c9dd6aee9154a2e2603/pydantic-1.10.11-cp38-cp38-manylinux_2_17_x86_64.manylinux2014_x86_64.whl", hash = "sha256:fe429898f2c9dd209bd0632a606bddc06f8bce081bbd03d1c775a45886e2c1cb"},
    {url = "https://files.pythonhosted.org/packages/63/cf/023a359e3c86a909494d6729e9d35304449de8231a2d8b3132bc93fb5b0a/pydantic-1.10.11-cp38-cp38-macosx_11_0_arm64.whl", hash = "sha256:8dc77064471780262b6a68fe67e013298d130414d5aaf9b562c33987dbd2cf4f"},
    {url = "https://files.pythonhosted.org/packages/65/d3/8ea06a592f4c218d3079ddb6d267015e6635c11ea4b282c2f5a9b62ca60b/pydantic-1.10.11-cp39-cp39-manylinux_2_17_x86_64.manylinux2014_x86_64.whl", hash = "sha256:abade85268cc92dff86d6effcd917893130f0ff516f3d637f50dadc22ae93999"},
    {url = "https://files.pythonhosted.org/packages/6a/19/af6ac6f22f9a2a3866fc5a726dca0b7d524e1660821388dc99d56764e6df/pydantic-1.10.11-cp37-cp37m-manylinux_2_17_x86_64.manylinux2014_x86_64.whl", hash = "sha256:331c031ba1554b974c98679bd0780d89670d6fd6f53f5d70b10bdc9addee1713"},
    {url = "https://files.pythonhosted.org/packages/79/3e/6b4d0fb2174beceac9a991ba8e67158b45c35faca9ea4545ae32d47096cd/pydantic-1.10.11-cp310-cp310-macosx_11_0_arm64.whl", hash = "sha256:a6c098d4ab5e2d5b3984d3cb2527e2d6099d3de85630c8934efcfdc348a9760e"},
    {url = "https://files.pythonhosted.org/packages/87/18/76af036e978c00d4b1525eeaa84e67a8ea93429ceb1adaa67491af44e214/pydantic-1.10.11-cp37-cp37m-manylinux_2_5_i686.manylinux1_i686.manylinux_2_17_i686.manylinux2014_i686.whl", hash = "sha256:8268a735a14c308923e8958363e3a3404f6834bb98c11f5ab43251a4e410170c"},
    {url = "https://files.pythonhosted.org/packages/90/6c/ef2c34321f035197621171d5cf243aedc43db69148b07308d95ca27bc036/pydantic-1.10.11-cp310-cp310-macosx_10_9_x86_64.whl", hash = "sha256:ff44c5e89315b15ff1f7fdaf9853770b810936d6b01a7bcecaa227d2f8fe444f"},
    {url = "https://files.pythonhosted.org/packages/93/4c/c1d4530819924e77285a32768629fab5d40bbbbdba2f78a1b1fc0649525a/pydantic-1.10.11-cp311-cp311-win_amd64.whl", hash = "sha256:4400015f15c9b464c9db2d5d951b6a780102cfa5870f2c036d37c23b56f7fc1b"},
    {url = "https://files.pythonhosted.org/packages/93/63/c2b91f7482bf8e5b7166dba6558287d906587f269158b8fad1146031fdc3/pydantic-1.10.11-cp311-cp311-macosx_11_0_arm64.whl", hash = "sha256:a451ccab49971af043ec4e0d207cbc8cbe53dbf148ef9f19599024076fe9c25b"},
    {url = "https://files.pythonhosted.org/packages/96/84/e6d9843d3d865efa54f7080183cbbe8f337a08c469b44a6adf064e45005c/pydantic-1.10.11-cp310-cp310-musllinux_1_1_i686.whl", hash = "sha256:e9baf78b31da2dc3d3f346ef18e58ec5f12f5aaa17ac517e2ffd026a92a87588"},
    {url = "https://files.pythonhosted.org/packages/af/c3/216d527637fb6de1d2c08f870a094f239f8e5a127b9693835cedc29616f7/pydantic-1.10.11-cp311-cp311-manylinux_2_17_x86_64.manylinux2014_x86_64.whl", hash = "sha256:5b02d24f7b2b365fed586ed73582c20f353a4c50e4be9ba2c57ab96f8091ddae"},
    {url = "https://files.pythonhosted.org/packages/b6/6a/ef5f54d0acdc34dc05d8e72bdf1673d67e0e05b6b7743ece209c76e1f45c/pydantic-1.10.11-cp38-cp38-win_amd64.whl", hash = "sha256:265a60da42f9f27e0b1014eab8acd3e53bd0bad5c5b4884e98a55f8f596b2c19"},
    {url = "https://files.pythonhosted.org/packages/b6/8e/7dd215f91528487535e7aa048e4092c20ecd0168df958e58809e2235cece/pydantic-1.10.11-cp310-cp310-manylinux_2_17_x86_64.manylinux2014_x86_64.whl", hash = "sha256:16928fdc9cb273c6af00d9d5045434c39afba5f42325fb990add2c241402d151"},
    {url = "https://files.pythonhosted.org/packages/bf/43/3fcc2d7fd6f1352677a9ea47123004da5f68a903fae48fab40f03ca2e0b1/pydantic-1.10.11-cp310-cp310-manylinux_2_5_i686.manylinux1_i686.manylinux_2_17_i686.manylinux2014_i686.whl", hash = "sha256:0588788a9a85f3e5e9ebca14211a496409cb3deca5b6971ff37c556d581854e7"},
    {url = "https://files.pythonhosted.org/packages/ca/79/8b33ca15336599bad10bd15820182fbf4045e7a2f677b7fbf89794785f60/pydantic-1.10.11-cp37-cp37m-musllinux_1_1_x86_64.whl", hash = "sha256:d7781f1d13b19700b7949c5a639c764a077cbbdd4322ed505b449d3ca8edcb36"},
    {url = "https://files.pythonhosted.org/packages/ce/bd/beabbb503f06ebe9140752a4cd80a6d3fd8895764a5e34083d9c97ec5f68/pydantic-1.10.11-cp39-cp39-manylinux_2_5_i686.manylinux1_i686.manylinux_2_17_i686.manylinux2014_i686.whl", hash = "sha256:e9738b0f2e6c70f44ee0de53f2089d6002b10c33264abee07bdb5c7f03038303"},
    {url = "https://files.pythonhosted.org/packages/cf/01/e8a380dc6e92a76113f034c58c9ffdbd115753e9b944ddf5d2dbe862f248/pydantic-1.10.11.tar.gz", hash = "sha256:f66d479cf7eb331372c470614be6511eae96f1f120344c25f3f9bb59fb1b5528"},
    {url = "https://files.pythonhosted.org/packages/d0/30/b295a270bef59eda75d5862bba8a6a27fed9a2b91000cccd5dfddb91ee1c/pydantic-1.10.11-cp311-cp311-musllinux_1_1_x86_64.whl", hash = "sha256:d185819a7a059550ecb85d5134e7d40f2565f3dd94cfd870132c5f91a89cf58c"},
    {url = "https://files.pythonhosted.org/packages/d0/ab/df82ca386c559accacaaf082dc5d178b9257ace0d4f83b09f4a2066a8a61/pydantic-1.10.11-cp37-cp37m-macosx_10_9_x86_64.whl", hash = "sha256:2417de68290434461a266271fc57274a138510dca19982336639484c73a07af6"},
    {url = "https://files.pythonhosted.org/packages/d3/b4/44df92e63c99834a07e2ae0cb7c9c4464b0e3a0539d25f68fc9811e9b12e/pydantic-1.10.11-cp311-cp311-manylinux_2_5_i686.manylinux1_i686.manylinux_2_17_i686.manylinux2014_i686.whl", hash = "sha256:3f34739a89260dfa420aa3cbd069fbcc794b25bbe5c0a214f8fb29e363484b66"},
    {url = "https://files.pythonhosted.org/packages/da/6f/cbd0b6d75c5c35234fdf6feb0fcb26812d87be9b2eab7b2d1596f30f52c0/pydantic-1.10.11-cp37-cp37m-musllinux_1_1_i686.whl", hash = "sha256:44e51ba599c3ef227e168424e220cd3e544288c57829520dc90ea9cb190c3248"},
    {url = "https://files.pythonhosted.org/packages/dc/f0/604245a9bcaa982c86caeaa98fdeabddc1ddea097ae77753a6f9d6b08e12/pydantic-1.10.11-py3-none-any.whl", hash = "sha256:008c5e266c8aada206d0627a011504e14268a62091450210eda7c07fabe6963e"},
    {url = "https://files.pythonhosted.org/packages/e6/c7/99b3678f019a1b90e3242a8b7006b5181f6739d1791caaaebe83f1aab5a9/pydantic-1.10.11-cp38-cp38-manylinux_2_5_i686.manylinux1_i686.manylinux_2_17_i686.manylinux2014_i686.whl", hash = "sha256:192c608ad002a748e4a0bed2ddbcd98f9b56df50a7c24d9a931a8c5dd053bd3d"},
    {url = "https://files.pythonhosted.org/packages/ed/a9/9f6fa825214510f79ce3fae718db66c9c55cba8d087e2e4400e4a634173a/pydantic-1.10.11-cp39-cp39-win_amd64.whl", hash = "sha256:1954f8778489a04b245a1e7b8b22a9d3ea8ef49337285693cf6959e4b757535e"},
    {url = "https://files.pythonhosted.org/packages/f1/79/e28edde4bca34e08958d02f14e45805c2b18110aa720cdb900022fc210f7/pydantic-1.10.11-cp39-cp39-musllinux_1_1_x86_64.whl", hash = "sha256:174899023337b9fc685ac8adaa7b047050616136ccd30e9070627c1aaab53a13"},
    {url = "https://files.pythonhosted.org/packages/f9/ba/19c03d48e76940b4970e9b9ac626d104e69f9ee2d67ec778f1142ce2f559/pydantic-1.10.11-cp311-cp311-macosx_10_9_x86_64.whl", hash = "sha256:08a6c32e1c3809fbc49debb96bf833164f3438b3696abf0fbeceb417d123e6eb"},
    {url = "https://files.pythonhosted.org/packages/fe/1b/266ef0137e71d3405762521db8c0a4a07d5883245b7abac9e800fef4729b/pydantic-1.10.11-cp39-cp39-musllinux_1_1_i686.whl", hash = "sha256:787cf23e5a0cde753f2eabac1b2e73ae3844eb873fd1f5bdbff3048d8dbb7604"},
]
"sqlparse 0.4.4" = [
    {url = "https://files.pythonhosted.org/packages/65/16/10f170ec641ed852611b6c9441b23d10b5702ab5288371feab3d36de2574/sqlparse-0.4.4.tar.gz", hash = "sha256:d446183e84b8349fa3061f0fe7f06ca94ba65b426946ffebe6e3e8295332420c"},
    {url = "https://files.pythonhosted.org/packages/98/5a/66d7c9305baa9f11857f247d4ba761402cea75db6058ff850ed7128957b7/sqlparse-0.4.4-py3-none-any.whl", hash = "sha256:5430a4fe2ac7d0f93e66f1efc6e1338a41884b7ddf2a350cedd20ccc4d9d28f3"},
]
"typing-extensions 4.7.1" = [
    {url = "https://files.pythonhosted.org/packages/3c/8b/0111dd7d6c1478bf83baa1cab85c686426c7a6274119aceb2bd9d35395ad/typing_extensions-4.7.1.tar.gz", hash = "sha256:b75ddc264f0ba5615db7ba217daeb99701ad295353c45f9e95963337ceeeffb2"},
    {url = "https://files.pythonhosted.org/packages/ec/6b/63cc3df74987c36fe26157ee12e09e8f9db4de771e0f3404263117e75b95/typing_extensions-4.7.1-py3-none-any.whl", hash = "sha256:440d5dd3af93b060174bf433bccd69b0babc3b15b1a8dca43789fd7f61514b36"},
]
"tzdata 2023.3" = [
    {url = "https://files.pythonhosted.org/packages/70/e5/81f99b9fced59624562ab62a33df639a11b26c582be78864b339dafa420d/tzdata-2023.3.tar.gz", hash = "sha256:11ef1e08e54acb0d4f95bdb1be05da659673de4acbd21bf9c69e94cc5e907a3a"},
    {url = "https://files.pythonhosted.org/packages/d5/fb/a79efcab32b8a1f1ddca7f35109a50e4a80d42ac1c9187ab46522b2407d7/tzdata-2023.3-py2.py3-none-any.whl", hash = "sha256:7e65763eef3120314099b6939b5546db7adce1e7d6f2e179e3df563c70511eda"},
]
